
Microsoft Visual Studio Solution File, Format Version 12.00
# Visual Studio Version 17
VisualStudioVersion = 17.4.33213.308
MinimumVisualStudioVersion = 10.0.40219.1
Project("{FAE04EC0-301F-11D3-BF4B-00C04F79EFBC}") = "CRUD", "CRUD.csproj", "{41E858A9-C7FB-459B-89F7-4E2010E81C24}"
EndProject
Global
	GlobalSection(SolutionConfigurationPlatforms) = preSolution
		Debug|Any CPU = Debug|Any CPU
		Release|Any CPU = Release|Any CPU
	EndGlobalSection
	GlobalSection(ProjectConfigurationPlatforms) = postSolution
		{41E858A9-C7FB-459B-89F7-4E2010E81C24}.Debug|Any CPU.ActiveCfg = Debug|Any CPU
		{41E858A9-C7FB-459B-89F7-4E2010E81C24}.Debug|Any CPU.Build.0 = Debug|Any CPU
		{41E858A9-C7FB-459B-89F7-4E2010E81C24}.Release|Any CPU.ActiveCfg = Release|Any CPU
		{41E858A9-C7FB-459B-89F7-4E2010E81C24}.Release|Any CPU.Build.0 = Release|Any CPU
	EndGlobalSection
	GlobalSection(SolutionProperties) = preSolution
		HideSolutionNode = FALSE
	EndGlobalSection
	GlobalSection(ExtensibilityGlobals) = postSolution
		SolutionGuid = {D833B1AF-AE6E-4323-8ECF-E5E0E01CAC95}
	EndGlobalSection
EndGlobal
